// !$*UTF8*$!
{
	archiveVersion = 1;
	classes = {
	};
	objectVersion = 56;
	objects = {

/* Begin PBXBuildFile section */
		0492B63329EEF24D00CFEF63 /* DetailView.swift in Sources */ = {isa = PBXBuildFile; fileRef = 0492B63229EEF24D00CFEF63 /* DetailView.swift */; };
		04EE8EB929ED500C0018AEF7 /* Bookworm_Project_11_App.swift in Sources */ = {isa = PBXBuildFile; fileRef = 04EE8EB829ED500C0018AEF7 /* Bookworm_Project_11_App.swift */; };
		04EE8EBB29ED500C0018AEF7 /* ContentView.swift in Sources */ = {isa = PBXBuildFile; fileRef = 04EE8EBA29ED500C0018AEF7 /* ContentView.swift */; };
		04EE8EBD29ED500D0018AEF7 /* Assets.xcassets in Resources */ = {isa = PBXBuildFile; fileRef = 04EE8EBC29ED500D0018AEF7 /* Assets.xcassets */; };
		04EE8EC029ED500D0018AEF7 /* Preview Assets.xcassets in Resources */ = {isa = PBXBuildFile; fileRef = 04EE8EBF29ED500D0018AEF7 /* Preview Assets.xcassets */; };
		04EE8EC829ED5D860018AEF7 /* Bookworm.xcdatamodeld in Sources */ = {isa = PBXBuildFile; fileRef = 04EE8EC629ED5D860018AEF7 /* Bookworm.xcdatamodeld */; };
		04EE8ECA29ED950A0018AEF7 /* DataControler.swift in Sources */ = {isa = PBXBuildFile; fileRef = 04EE8EC929ED950A0018AEF7 /* DataControler.swift */; };
		04EE8ECC29EEA5460018AEF7 /* AddBookView.swift in Sources */ = {isa = PBXBuildFile; fileRef = 04EE8ECB29EEA5460018AEF7 /* AddBookView.swift */; };
		04EE8ECE29EEB4300018AEF7 /* RatingView.swift in Sources */ = {isa = PBXBuildFile; fileRef = 04EE8ECD29EEB4300018AEF7 /* RatingView.swift */; };
		04EE8ED029EEBDCA0018AEF7 /* EmojiRatingView.swift in Sources */ = {isa = PBXBuildFile; fileRef = 04EE8ECF29EEBDCA0018AEF7 /* EmojiRatingView.swift */; };
/* End PBXBuildFile section */

/* Begin PBXFileReference section */
		0492B63229EEF24D00CFEF63 /* DetailView.swift */ = {isa = PBXFileReference; lastKnownFileType = sourcecode.swift; path = DetailView.swift; sourceTree = "<group>"; };
		04EE8EB529ED500C0018AEF7 /* Bookworm(Project 11).app */ = {isa = PBXFileReference; explicitFileType = wrapper.application; includeInIndex = 0; path = "Bookworm(Project 11).app"; sourceTree = BUILT_PRODUCTS_DIR; };
		04EE8EB829ED500C0018AEF7 /* Bookworm_Project_11_App.swift */ = {isa = PBXFileReference; lastKnownFileType = sourcecode.swift; path = Bookworm_Project_11_App.swift; sourceTree = "<group>"; };
		04EE8EBA29ED500C0018AEF7 /* ContentView.swift */ = {isa = PBXFileReference; lastKnownFileType = sourcecode.swift; path = ContentView.swift; sourceTree = "<group>"; };
		04EE8EBC29ED500D0018AEF7 /* Assets.xcassets */ = {isa = PBXFileReference; lastKnownFileType = folder.assetcatalog; path = Assets.xcassets; sourceTree = "<group>"; };
		04EE8EBF29ED500D0018AEF7 /* Preview Assets.xcassets */ = {isa = PBXFileReference; lastKnownFileType = folder.assetcatalog; path = "Preview Assets.xcassets"; sourceTree = "<group>"; };
		04EE8EC729ED5D860018AEF7 /* Bookworm.xcdatamodel */ = {isa = PBXFileReference; lastKnownFileType = wrapper.xcdatamodel; path = Bookworm.xcdatamodel; sourceTree = "<group>"; };
		04EE8EC929ED950A0018AEF7 /* DataControler.swift */ = {isa = PBXFileReference; lastKnownFileType = sourcecode.swift; path = DataControler.swift; sourceTree = "<group>"; };
		04EE8ECB29EEA5460018AEF7 /* AddBookView.swift */ = {isa = PBXFileReference; lastKnownFileType = sourcecode.swift; path = AddBookView.swift; sourceTree = "<group>"; };
		04EE8ECD29EEB4300018AEF7 /* RatingView.swift */ = {isa = PBXFileReference; lastKnownFileType = sourcecode.swift; path = RatingView.swift; sourceTree = "<group>"; };
		04EE8ECF29EEBDCA0018AEF7 /* EmojiRatingView.swift */ = {isa = PBXFileReference; lastKnownFileType = sourcecode.swift; path = EmojiRatingView.swift; sourceTree = "<group>"; };
/* End PBXFileReference section */

/* Begin PBXFrameworksBuildPhase section */
		04EE8EB229ED500C0018AEF7 /* Frameworks */ = {
			isa = PBXFrameworksBuildPhase;
			buildActionMask = 2147483647;
			files = (
			);
			runOnlyForDeploymentPostprocessing = 0;
		};
/* End PBXFrameworksBuildPhase section */

/* Begin PBXGroup section */
		04EE8EAC29ED500C0018AEF7 = {
			isa = PBXGroup;
			children = (
				04EE8EB729ED500C0018AEF7 /* Bookworm(Project 11) */,
				04EE8EB629ED500C0018AEF7 /* Products */,
			);
			sourceTree = "<group>";
		};
		04EE8EB629ED500C0018AEF7 /* Products */ = {
			isa = PBXGroup;
			children = (
				04EE8EB529ED500C0018AEF7 /* Bookworm(Project 11).app */,
			);
			name = Products;
			sourceTree = "<group>";
		};
		04EE8EB729ED500C0018AEF7 /* Bookworm(Project 11) */ = {
			isa = PBXGroup;
			children = (
				04EE8EB829ED500C0018AEF7 /* Bookworm_Project_11_App.swift */,
				04EE8EBA29ED500C0018AEF7 /* ContentView.swift */,
				04EE8ECF29EEBDCA0018AEF7 /* EmojiRatingView.swift */,
				04EE8ECB29EEA5460018AEF7 /* AddBookView.swift */,
				04EE8ECD29EEB4300018AEF7 /* RatingView.swift */,
				0492B63229EEF24D00CFEF63 /* DetailView.swift */,
				04EE8EC929ED950A0018AEF7 /* DataControler.swift */,
				04EE8EC629ED5D860018AEF7 /* Bookworm.xcdatamodeld */,
				04EE8EBC29ED500D0018AEF7 /* Assets.xcassets */,
				04EE8EBE29ED500D0018AEF7 /* Preview Content */,
			);
			path = "Bookworm(Project 11)";
			sourceTree = "<group>";
		};
		04EE8EBE29ED500D0018AEF7 /* Preview Content */ = {
			isa = PBXGroup;
			children = (
				04EE8EBF29ED500D0018AEF7 /* Preview Assets.xcassets */,
			);
			path = "Preview Content";
			sourceTree = "<group>";
		};
/* End PBXGroup section */

/* Begin PBXNativeTarget section */
		04EE8EB429ED500C0018AEF7 /* Bookworm(Project 11) */ = {
			isa = PBXNativeTarget;
			buildConfigurationList = 04EE8EC329ED500D0018AEF7 /* Build configuration list for PBXNativeTarget "Bookworm(Project 11)" */;
			buildPhases = (
				04EE8EB129ED500C0018AEF7 /* Sources */,
				04EE8EB229ED500C0018AEF7 /* Frameworks */,
				04EE8EB329ED500C0018AEF7 /* Resources */,
			);
			buildRules = (
			);
			dependencies = (
			);
			name = "Bookworm(Project 11)";
			productName = "Bookworm(Project 11)";
			productReference = 04EE8EB529ED500C0018AEF7 /* Bookworm(Project 11).app */;
			productType = "com.apple.product-type.application";
		};
/* End PBXNativeTarget section */

/* Begin PBXProject section */
		04EE8EAD29ED500C0018AEF7 /* Project object */ = {
			isa = PBXProject;
			attributes = {
				BuildIndependentTargetsInParallel = 1;
				LastSwiftUpdateCheck = 1430;
				LastUpgradeCheck = 1430;
				TargetAttributes = {
					04EE8EB429ED500C0018AEF7 = {
						CreatedOnToolsVersion = 14.3;
					};
				};
			};
			buildConfigurationList = 04EE8EB029ED500C0018AEF7 /* Build configuration list for PBXProject "Bookworm(Project 11)" */;
			compatibilityVersion = "Xcode 14.0";
			developmentRegion = en;
			hasScannedForEncodings = 0;
			knownRegions = (
				en,
				Base,
			);
			mainGroup = 04EE8EAC29ED500C0018AEF7;
			productRefGroup = 04EE8EB629ED500C0018AEF7 /* Products */;
			projectDirPath = "";
			projectRoot = "";
			targets = (
				04EE8EB429ED500C0018AEF7 /* Bookworm(Project 11) */,
			);
		};
/* End PBXProject section */

/* Begin PBXResourcesBuildPhase section */
		04EE8EB329ED500C0018AEF7 /* Resources */ = {
			isa = PBXResourcesBuildPhase;
			buildActionMask = 2147483647;
			files = (
				04EE8EC029ED500D0018AEF7 /* Preview Assets.xcassets in Resources */,
				04EE8EBD29ED500D0018AEF7 /* Assets.xcassets in Resources */,
			);
			runOnlyForDeploymentPostprocessing = 0;
		};
/* End PBXResourcesBuildPhase section */

/* Begin PBXSourcesBuildPhase section */
		04EE8EB129ED500C0018AEF7 /* Sources */ = {
			isa = PBXSourcesBuildPhase;
			buildActionMask = 2147483647;
			files = (
				04EE8ECA29ED950A0018AEF7 /* DataControler.swift in Sources */,
				0492B63329EEF24D00CFEF63 /* DetailView.swift in Sources */,
				04EE8EBB29ED500C0018AEF7 /* ContentView.swift in Sources */,
				04EE8ED029EEBDCA0018AEF7 /* EmojiRatingView.swift in Sources */,
				04EE8EC829ED5D860018AEF7 /* Bookworm.xcdatamodeld in Sources */,
				04EE8ECE29EEB4300018AEF7 /* RatingView.swift in Sources */,
				04EE8EB929ED500C0018AEF7 /* Bookworm_Project_11_App.swift in Sources */,
				04EE8ECC29EEA5460018AEF7 /* AddBookView.swift in Sources */,
			);
			runOnlyForDeploymentPostprocessing = 0;
		};
/* End PBXSourcesBuildPhase section */

/* Begin XCBuildConfiguration section */
		04EE8EC129ED500D0018AEF7 /* Debug */ = {
			isa = XCBuildConfiguration;
			buildSettings = {
				ALWAYS_SEARCH_USER_PATHS = NO;
				CLANG_ANALYZER_NONNULL = YES;
				CLANG_ANALYZER_NUMBER_OBJECT_CONVERSION = YES_AGGRESSIVE;
				CLANG_CXX_LANGUAGE_STANDARD = "gnu++20";
				CLANG_ENABLE_MODULES = YES;
				CLANG_ENABLE_OBJC_ARC = YES;
				CLANG_ENABLE_OBJC_WEAK = YES;
				CLANG_WARN_BLOCK_CAPTURE_AUTORELEASING = YES;
				CLANG_WARN_BOOL_CONVERSION = YES;
				CLANG_WARN_COMMA = YES;
				CLANG_WARN_CONSTANT_CONVERSION = YES;
				CLANG_WARN_DEPRECATED_OBJC_IMPLEMENTATIONS = YES;
				CLANG_WARN_DIRECT_OBJC_ISA_USAGE = YES_ERROR;
				CLANG_WARN_DOCUMENTATION_COMMENTS = YES;
				CLANG_WARN_EMPTY_BODY = YES;
				CLANG_WARN_ENUM_CONVERSION = YES;
				CLANG_WARN_INFINITE_RECURSION = YES;
				CLANG_WARN_INT_CONVERSION = YES;
				CLANG_WARN_NON_LITERAL_NULL_CONVERSION = YES;
				CLANG_WARN_OBJC_IMPLICIT_RETAIN_SELF = YES;
				CLANG_WARN_OBJC_LITERAL_CONVERSION = YES;
				CLANG_WARN_OBJC_ROOT_CLASS = YES_ERROR;
				CLANG_WARN_QUOTED_INCLUDE_IN_FRAMEWORK_HEADER = YES;
				CLANG_WARN_RANGE_LOOP_ANALYSIS = YES;
				CLANG_WARN_STRICT_PROTOTYPES = YES;
				CLANG_WARN_SUSPICIOUS_MOVE = YES;
				CLANG_WARN_UNGUARDED_AVAILABILITY = YES_AGGRESSIVE;
				CLANG_WARN_UNREACHABLE_CODE = YES;
				CLANG_WARN__DUPLICATE_METHOD_MATCH = YES;
				COPY_PHASE_STRIP = NO;
				DEBUG_INFORMATION_FORMAT = dwarf;
				ENABLE_STRICT_OBJC_MSGSEND = YES;
				ENABLE_TESTABILITY = YES;
				GCC_C_LANGUAGE_STANDARD = gnu11;
				GCC_DYNAMIC_NO_PIC = NO;
				GCC_NO_COMMON_BLOCKS = YES;
				GCC_OPTIMIZATION_LEVEL = 0;
				GCC_PREPROCESSOR_DEFINITIONS = (
					"DEBUG=1",
					"$(inherited)",
				);
				GCC_WARN_64_TO_32_BIT_CONVERSION = YES;
				GCC_WARN_ABOUT_RETURN_TYPE = YES_ERROR;
				GCC_WARN_UNDECLARED_SELECTOR = YES;
				GCC_WARN_UNINITIALIZED_AUTOS = YES_AGGRESSIVE;
				GCC_WARN_UNUSED_FUNCTION = YES;
				GCC_WARN_UNUSED_VARIABLE = YES;
				IPHONEOS_DEPLOYMENT_TARGET = 16.4;
				MTL_ENABLE_DEBUG_INFO = INCLUDE_SOURCE;
				MTL_FAST_MATH = YES;
				ONLY_ACTIVE_ARCH = YES;
				SDKROOT = iphoneos;
				SWIFT_ACTIVE_COMPILATION_CONDITIONS = DEBUG;
				SWIFT_OPTIMIZATION_LEVEL = "-Onone";
			};
			name = Debug;
		};
		04EE8EC229ED500D0018AEF7 /* Release */ = {
			isa = XCBuildConfiguration;
			buildSettings = {
				ALWAYS_SEARCH_USER_PATHS = NO;
				CLANG_ANALYZER_NONNULL = YES;
				CLANG_ANALYZER_NUMBER_OBJECT_CONVERSION = YES_AGGRESSIVE;
				CLANG_CXX_LANGUAGE_STANDARD = "gnu++20";
				CLANG_ENABLE_MODULES = YES;
				CLANG_ENABLE_OBJC_ARC = YES;
				CLANG_ENABLE_OBJC_WEAK = YES;
				CLANG_WARN_BLOCK_CAPTURE_AUTORELEASING = YES;
				CLANG_WARN_BOOL_CONVERSION = YES;
				CLANG_WARN_COMMA = YES;
				CLANG_WARN_CONSTANT_CONVERSION = YES;
				CLANG_WARN_DEPRECATED_OBJC_IMPLEMENTATIONS = YES;
				CLANG_WARN_DIRECT_OBJC_ISA_USAGE = YES_ERROR;
				CLANG_WARN_DOCUMENTATION_COMMENTS = YES;
				CLANG_WARN_EMPTY_BODY = YES;
				CLANG_WARN_ENUM_CONVERSION = YES;
				CLANG_WARN_INFINITE_RECURSION = YES;
				CLANG_WARN_INT_CONVERSION = YES;
				CLANG_WARN_NON_LITERAL_NULL_CONVERSION = YES;
				CLANG_WARN_OBJC_IMPLICIT_RETAIN_SELF = YES;
				CLANG_WARN_OBJC_LITERAL_CONVERSION = YES;
				CLANG_WARN_OBJC_ROOT_CLASS = YES_ERROR;
				CLANG_WARN_QUOTED_INCLUDE_IN_FRAMEWORK_HEADER = YES;
				CLANG_WARN_RANGE_LOOP_ANALYSIS = YES;
				CLANG_WARN_STRICT_PROTOTYPES = YES;
				CLANG_WARN_SUSPICIOUS_MOVE = YES;
				CLANG_WARN_UNGUARDED_AVAILABILITY = YES_AGGRESSIVE;
				CLANG_WARN_UNREACHABLE_CODE = YES;
				CLANG_WARN__DUPLICATE_METHOD_MATCH = YES;
				COPY_PHASE_STRIP = NO;
				DEBUG_INFORMATION_FORMAT = "dwarf-with-dsym";
				ENABLE_NS_ASSERTIONS = NO;
				ENABLE_STRICT_OBJC_MSGSEND = YES;
				GCC_C_LANGUAGE_STANDARD = gnu11;
				GCC_NO_COMMON_BLOCKS = YES;
				GCC_WARN_64_TO_32_BIT_CONVERSION = YES;
				GCC_WARN_ABOUT_RETURN_TYPE = YES_ERROR;
				GCC_WARN_UNDECLARED_SELECTOR = YES;
				GCC_WARN_UNINITIALIZED_AUTOS = YES_AGGRESSIVE;
				GCC_WARN_UNUSED_FUNCTION = YES;
				GCC_WARN_UNUSED_VARIABLE = YES;
				IPHONEOS_DEPLOYMENT_TARGET = 16.4;
				MTL_ENABLE_DEBUG_INFO = NO;
				MTL_FAST_MATH = YES;
				SDKROOT = iphoneos;
				SWIFT_COMPILATION_MODE = wholemodule;
				SWIFT_OPTIMIZATION_LEVEL = "-O";
				VALIDATE_PRODUCT = YES;
			};
			name = Release;
		};
		04EE8EC429ED500D0018AEF7 /* Debug */ = {
			isa = XCBuildConfiguration;
			buildSettings = {
				ASSETCATALOG_COMPILER_APPICON_NAME = AppIcon;
				ASSETCATALOG_COMPILER_GLOBAL_ACCENT_COLOR_NAME = AccentColor;
				CODE_SIGN_STYLE = Automatic;
				CURRENT_PROJECT_VERSION = 1;
				DEVELOPMENT_ASSET_PATHS = "\"Bookworm(Project 11)/Preview Content\"";
				DEVELOPMENT_TEAM = ZCP67L68HX;
				ENABLE_PREVIEWS = YES;
				GENERATE_INFOPLIST_FILE = YES;
				INFOPLIST_KEY_UIApplicationSceneManifest_Generation = YES;
				INFOPLIST_KEY_UIApplicationSupportsIndirectInputEvents = YES;
				INFOPLIST_KEY_UILaunchScreen_Generation = YES;
				INFOPLIST_KEY_UISupportedInterfaceOrientations_iPad = "UIInterfaceOrientationPortrait UIInterfaceOrientationPortraitUpsideDown UIInterfaceOrientationLandscapeLeft UIInterfaceOrientationLandscapeRight";
				INFOPLIST_KEY_UISupportedInterfaceOrientations_iPhone = "UIInterfaceOrientationPortrait UIInterfaceOrientationLandscapeLeft UIInterfaceOrientationLandscapeRight";
				LD_RUNPATH_SEARCH_PATHS = (
					"$(inherited)",
					"@executable_path/Frameworks",
				);
				MARKETING_VERSION = 1.0;
				PRODUCT_BUNDLE_IDENTIFIER = "ua.hfh.Bookworm-Project-11-";
				PRODUCT_NAME = "$(TARGET_NAME)";
				SWIFT_EMIT_LOC_STRINGS = YES;
				SWIFT_VERSION = 5.0;
				TARGETED_DEVICE_FAMILY = "1,2";
			};
			name = Debug;
		};
		04EE8EC529ED500D0018AEF7 /* Release */ = {
			isa = XCBuildConfiguration;
			buildSettings = {
				ASSETCATALOG_COMPILER_APPICON_NAME = AppIcon;
				ASSETCATALOG_COMPILER_GLOBAL_ACCENT_COLOR_NAME = AccentColor;
				CODE_SIGN_STYLE = Automatic;
				CURRENT_PROJECT_VERSION = 1;
				DEVELOPMENT_ASSET_PATHS = "\"Bookworm(Project 11)/Preview Content\"";
				DEVELOPMENT_TEAM = ZCP67L68HX;
				ENABLE_PREVIEWS = YES;
				GENERATE_INFOPLIST_FILE = YES;
				INFOPLIST_KEY_UIApplicationSceneManifest_Generation = YES;
				INFOPLIST_KEY_UIApplicationSupportsIndirectInputEvents = YES;
				INFOPLIST_KEY_UILaunchScreen_Generation = YES;
				INFOPLIST_KEY_UISupportedInterfaceOrientations_iPad = "UIInterfaceOrientationPortrait UIInterfaceOrientationPortraitUpsideDown UIInterfaceOrientationLandscapeLeft UIInterfaceOrientationLandscapeRight";
				INFOPLIST_KEY_UISupportedInterfaceOrientations_iPhone = "UIInterfaceOrientationPortrait UIInterfaceOrientationLandscapeLeft UIInterfaceOrientationLandscapeRight";
				LD_RUNPATH_SEARCH_PATHS = (
					"$(inherited)",
					"@executable_path/Frameworks",
				);
				MARKETING_VERSION = 1.0;
				PRODUCT_BUNDLE_IDENTIFIER = "ua.hfh.Bookworm-Project-11-";
				PRODUCT_NAME = "$(TARGET_NAME)";
				SWIFT_EMIT_LOC_STRINGS = YES;
				SWIFT_VERSION = 5.0;
				TARGETED_DEVICE_FAMILY = "1,2";
			};
			name = Release;
		};
/* End XCBuildConfiguration section */

/* Begin XCConfigurationList section */
		04EE8EB029ED500C0018AEF7 /* Build configuration list for PBXProject "Bookworm(Project 11)" */ = {
			isa = XCConfigurationList;
			buildConfigurations = (
				04EE8EC129ED500D0018AEF7 /* Debug */,
				04EE8EC229ED500D0018AEF7 /* Release */,
			);
			defaultConfigurationIsVisible = 0;
			defaultConfigurationName = Release;
		};
		04EE8EC329ED500D0018AEF7 /* Build configuration list for PBXNativeTarget "Bookworm(Project 11)" */ = {
			isa = XCConfigurationList;
			buildConfigurations = (
				04EE8EC429ED500D0018AEF7 /* Debug */,
				04EE8EC529ED500D0018AEF7 /* Release */,
			);
			defaultConfigurationIsVisible = 0;
			defaultConfigurationName = Release;
		};
/* End XCConfigurationList section */

/* Begin XCVersionGroup section */
		04EE8EC629ED5D860018AEF7 /* Bookworm.xcdatamodeld */ = {
			isa = XCVersionGroup;
			children = (
				04EE8EC729ED5D860018AEF7 /* Bookworm.xcdatamodel */,
			);
			currentVersion = 04EE8EC729ED5D860018AEF7 /* Bookworm.xcdatamodel */;
			path = Bookworm.xcdatamodeld;
			sourceTree = "<group>";
			versionGroupType = wrapper.xcdatamodel;
		};
/* End XCVersionGroup section */
	};
	rootObject = 04EE8EAD29ED500C0018AEF7 /* Project object */;
}
